
Microsoft Visual Studio Solution File, Format Version 12.00
# Visual Studio 2013
VisualStudioVersion = 12.0.30723.0
MinimumVisualStudioVersion = 10.0.40219.1
Project("{FAE04EC0-301F-11D3-BF4B-00C04F79EFBC}") = "SampleApp", "SampleApp\SampleApp.csproj", "{FE83EBBD-A7AD-4E7D-B0DF-2A13EF23D2B4}"
	ProjectSection(ProjectDependencies) = postProject
		{FDFD4EEB-C202-4D93-A6E9-D8984A12D014} = {FDFD4EEB-C202-4D93-A6E9-D8984A12D014}
	EndProjectSection
EndProject
Project("{FAE04EC0-301F-11D3-BF4B-00C04F79EFBC}") = "IconExtractor", "IconExtractor\IconExtractor.csproj", "{FDFD4EEB-C202-4D93-A6E9-D8984A12D014}"
EndProject
Global
	GlobalSection(SolutionConfigurationPlatforms) = preSolution
		Debug|Any CPU = Debug|Any CPU
		Release|Any CPU = Release|Any CPU
	EndGlobalSection
	GlobalSection(ProjectConfigurationPlatforms) = postSolution
		{FDFD4EEB-C202-4D93-A6E9-D8984A12D014}.Debug|Any CPU.ActiveCfg = Debug|Any CPU
		{FDFD4EEB-C202-4D93-A6E9-D8984A12D014}.Debug|Any CPU.Build.0 = Debug|Any CPU
		{FDFD4EEB-C202-4D93-A6E9-D8984A12D014}.Release|Any CPU.ActiveCfg = Release|Any CPU
		{FDFD4EEB-C202-4D93-A6E9-D8984A12D014}.Release|Any CPU.Build.0 = Release|Any CPU
		{FE83EBBD-A7AD-4E7D-B0DF-2A13EF23D2B4}.Debug|Any CPU.ActiveCfg = Debug|Any CPU
		{FE83EBBD-A7AD-4E7D-B0DF-2A13EF23D2B4}.Debug|Any CPU.Build.0 = Debug|Any CPU
		{FE83EBBD-A7AD-4E7D-B0DF-2A13EF23D2B4}.Release|Any CPU.ActiveCfg = Release|Any CPU
		{FE83EBBD-A7AD-4E7D-B0DF-2A13EF23D2B4}.Release|Any CPU.Build.0 = Release|Any CPU
	EndGlobalSection
	GlobalSection(SolutionProperties) = preSolution
		HideSolutionNode = FALSE
	EndGlobalSection
EndGlobal
